{
  "name": "tee",
  "version": "1.0.0",
  "lockfileVersion": 1,
  "requires": true,
  "dependencies": {
    "tone": {
      "version": "13.2.9",
      "resolved": "https://registry.npmjs.org/tone/-/tone-13.2.9.tgz",
      "integrity": "sha512-/MFI3/3c1FS2Vo5EuHw51lIIymTEHkMoMUHoiZuCtH9sF2DOc7U55isdVFbKmDbSim2nvM63eT/W2HdfEkryYw=="
    }
  }
}
